
Microsoft Visual Studio Solution File, Format Version 12.00
# Visual Studio Version 17
VisualStudioVersion = 17.0.31903.59
MinimumVisualStudioVersion = 10.0.40219.1
Project("{FAE04EC0-301F-11D3-BF4B-00C04F79EFBC}") = "PizzaShop.Web", "PizzaShop.Web\PizzaShop.Web.csproj", "{5320E0F7-E6FD-4817-A5E6-7334356088B0}"
EndProject
Project("{FAE04EC0-301F-11D3-BF4B-00C04F79EFBC}") = "PizzaShop.Domain", "PizzaShop.Domain\PizzaShop.Domain.csproj", "{40B87B40-54CE-4D91-962C-F31BEC36AE59}"
EndProject
Project("{FAE04EC0-301F-11D3-BF4B-00C04F79EFBC}") = "PizzaShop.Repository", "PizzaShop.Repository\PizzaShop.Repository.csproj", "{7B6A2C38-5CDE-44F8-96EE-0A7D4D25E50F}"
EndProject
Project("{FAE04EC0-301F-11D3-BF4B-00C04F79EFBC}") = "PIzzaShop.Service", "PIzzaShop.Service\PIzzaShop.Service.csproj", "{E80CAAA2-B17C-40C3-BB45-478503220C44}"
EndProject
Global
	GlobalSection(SolutionConfigurationPlatforms) = preSolution
		Debug|Any CPU = Debug|Any CPU
		Release|Any CPU = Release|Any CPU
	EndGlobalSection
	GlobalSection(SolutionProperties) = preSolution
		HideSolutionNode = FALSE
	EndGlobalSection
	GlobalSection(ProjectConfigurationPlatforms) = postSolution
		{5320E0F7-E6FD-4817-A5E6-7334356088B0}.Debug|Any CPU.ActiveCfg = Debug|Any CPU
		{5320E0F7-E6FD-4817-A5E6-7334356088B0}.Debug|Any CPU.Build.0 = Debug|Any CPU
		{5320E0F7-E6FD-4817-A5E6-7334356088B0}.Release|Any CPU.ActiveCfg = Release|Any CPU
		{5320E0F7-E6FD-4817-A5E6-7334356088B0}.Release|Any CPU.Build.0 = Release|Any CPU
		{40B87B40-54CE-4D91-962C-F31BEC36AE59}.Debug|Any CPU.ActiveCfg = Debug|Any CPU
		{40B87B40-54CE-4D91-962C-F31BEC36AE59}.Debug|Any CPU.Build.0 = Debug|Any CPU
		{40B87B40-54CE-4D91-962C-F31BEC36AE59}.Release|Any CPU.ActiveCfg = Release|Any CPU
		{40B87B40-54CE-4D91-962C-F31BEC36AE59}.Release|Any CPU.Build.0 = Release|Any CPU
		{7B6A2C38-5CDE-44F8-96EE-0A7D4D25E50F}.Debug|Any CPU.ActiveCfg = Debug|Any CPU
		{7B6A2C38-5CDE-44F8-96EE-0A7D4D25E50F}.Debug|Any CPU.Build.0 = Debug|Any CPU
		{7B6A2C38-5CDE-44F8-96EE-0A7D4D25E50F}.Release|Any CPU.ActiveCfg = Release|Any CPU
		{7B6A2C38-5CDE-44F8-96EE-0A7D4D25E50F}.Release|Any CPU.Build.0 = Release|Any CPU
		{E80CAAA2-B17C-40C3-BB45-478503220C44}.Debug|Any CPU.ActiveCfg = Debug|Any CPU
		{E80CAAA2-B17C-40C3-BB45-478503220C44}.Debug|Any CPU.Build.0 = Debug|Any CPU
		{E80CAAA2-B17C-40C3-BB45-478503220C44}.Release|Any CPU.ActiveCfg = Release|Any CPU
		{E80CAAA2-B17C-40C3-BB45-478503220C44}.Release|Any CPU.Build.0 = Release|Any CPU
	EndGlobalSection
EndGlobal
